
Microsoft Visual Studio Solution File, Format Version 12.00
# Visual Studio Version 17
VisualStudioVersion = 17.3.32811.315
MinimumVisualStudioVersion = 10.0.40219.1
Project("{9A19103F-16F7-4668-BE54-9A1E7A4F7556}") = "CustomerManagement", "src\CustomerManagement\CustomerManagement.csproj", "{E0C3AAD1-38DF-4C34-834D-BAD0C29FE19E}"
EndProject
Project("{2150E333-8FDC-42A3-9474-1A3956D46DE8}") = "src", "src", "{878C5FF7-9716-4796-AA29-5E1226881215}"
EndProject
Project("{2150E333-8FDC-42A3-9474-1A3956D46DE8}") = "tests", "tests", "{1C362D07-88DC-497B-9D0E-A42010869748}"
EndProject
Project("{9A19103F-16F7-4668-BE54-9A1E7A4F7556}") = "CustomerManagement.Integration.Tests", "tests\CustomerManagement.Integration.Tests\CustomerManagement.Integration.Tests.csproj", "{35A611C7-208E-4B9F-A5FA-395F9D83271B}"
EndProject
<<<<<<< HEAD
Project("{FAE04EC0-301F-11D3-BF4B-00C04F79EFBC}") = "CustomerRepo.WebForms", "src\CustomerRepo.WebForms\CustomerRepo.WebForms.csproj", "{C9E0F220-E327-4F86-B6D2-46C61D4CA366}"
	ProjectSection(ProjectDependencies) = postProject
		{E0C3AAD1-38DF-4C34-834D-BAD0C29FE19E} = {E0C3AAD1-38DF-4C34-834D-BAD0C29FE19E}
	EndProjectSection
EndProject
Project("{FAE04EC0-301F-11D3-BF4B-00C04F79EFBC}") = "CustomerRepo.WebForms.Tests", "tests\CustomerRepo.WebForms.Tests\CustomerRepo.WebForms.Tests.csproj", "{CA63239A-A3EC-4B7B-BAF7-599319E3EC65}"
EndProject
=======
>>>>>>> 55af087ba15cd47183909f44f5ac283aea057b24
Global
	GlobalSection(SolutionConfigurationPlatforms) = preSolution
		Debug|Any CPU = Debug|Any CPU
		Release|Any CPU = Release|Any CPU
	EndGlobalSection
	GlobalSection(ProjectConfigurationPlatforms) = postSolution
		{E0C3AAD1-38DF-4C34-834D-BAD0C29FE19E}.Debug|Any CPU.ActiveCfg = Debug|Any CPU
		{E0C3AAD1-38DF-4C34-834D-BAD0C29FE19E}.Debug|Any CPU.Build.0 = Debug|Any CPU
		{E0C3AAD1-38DF-4C34-834D-BAD0C29FE19E}.Release|Any CPU.ActiveCfg = Release|Any CPU
		{E0C3AAD1-38DF-4C34-834D-BAD0C29FE19E}.Release|Any CPU.Build.0 = Release|Any CPU
		{35A611C7-208E-4B9F-A5FA-395F9D83271B}.Debug|Any CPU.ActiveCfg = Debug|Any CPU
		{35A611C7-208E-4B9F-A5FA-395F9D83271B}.Debug|Any CPU.Build.0 = Debug|Any CPU
		{35A611C7-208E-4B9F-A5FA-395F9D83271B}.Release|Any CPU.ActiveCfg = Release|Any CPU
		{35A611C7-208E-4B9F-A5FA-395F9D83271B}.Release|Any CPU.Build.0 = Release|Any CPU
<<<<<<< HEAD
		{C9E0F220-E327-4F86-B6D2-46C61D4CA366}.Debug|Any CPU.ActiveCfg = Debug|Any CPU
		{C9E0F220-E327-4F86-B6D2-46C61D4CA366}.Debug|Any CPU.Build.0 = Debug|Any CPU
		{C9E0F220-E327-4F86-B6D2-46C61D4CA366}.Release|Any CPU.ActiveCfg = Release|Any CPU
		{C9E0F220-E327-4F86-B6D2-46C61D4CA366}.Release|Any CPU.Build.0 = Release|Any CPU
		{CA63239A-A3EC-4B7B-BAF7-599319E3EC65}.Debug|Any CPU.ActiveCfg = Debug|Any CPU
		{CA63239A-A3EC-4B7B-BAF7-599319E3EC65}.Debug|Any CPU.Build.0 = Debug|Any CPU
		{CA63239A-A3EC-4B7B-BAF7-599319E3EC65}.Release|Any CPU.ActiveCfg = Release|Any CPU
		{CA63239A-A3EC-4B7B-BAF7-599319E3EC65}.Release|Any CPU.Build.0 = Release|Any CPU
=======
>>>>>>> 55af087ba15cd47183909f44f5ac283aea057b24
	EndGlobalSection
	GlobalSection(SolutionProperties) = preSolution
		HideSolutionNode = FALSE
	EndGlobalSection
	GlobalSection(NestedProjects) = preSolution
		{E0C3AAD1-38DF-4C34-834D-BAD0C29FE19E} = {878C5FF7-9716-4796-AA29-5E1226881215}
		{35A611C7-208E-4B9F-A5FA-395F9D83271B} = {1C362D07-88DC-497B-9D0E-A42010869748}
<<<<<<< HEAD
		{C9E0F220-E327-4F86-B6D2-46C61D4CA366} = {878C5FF7-9716-4796-AA29-5E1226881215}
		{CA63239A-A3EC-4B7B-BAF7-599319E3EC65} = {1C362D07-88DC-497B-9D0E-A42010869748}
=======
>>>>>>> 55af087ba15cd47183909f44f5ac283aea057b24
	EndGlobalSection
	GlobalSection(ExtensibilityGlobals) = postSolution
		SolutionGuid = {0A771E2E-1768-4DA2-A726-BACE7695388C}
	EndGlobalSection
EndGlobal
